
Microsoft Visual Studio Solution File, Format Version 12.00
# Visual Studio Version 16
VisualStudioVersion = 16.0.30002.166
MinimumVisualStudioVersion = 10.0.40219.1
Project("{FAE04EC0-301F-11D3-BF4B-00C04F79EFBC}") = "DVHEvaluator_Main", "DVHEvaluator_Main.csproj", "{F1AA237A-17B1-4903-A313-5B76B328C3D4}"
EndProject
Project("{FAE04EC0-301F-11D3-BF4B-00C04F79EFBC}") = "DVHEvaluator", "DVHEvaluator\DVHEvaluator.csproj", "{DC23BFC1-F366-4B27-8916-D0664DA39EC4}"
EndProject
Project("{FAE04EC0-301F-11D3-BF4B-00C04F79EFBC}") = "PlanComparisonTool", "PlanComparisonTool\PlanComparisonTool.csproj", "{24A4A82B-F96E-4453-97B9-5C6C324AD145}"
EndProject
Global
	GlobalSection(SolutionConfigurationPlatforms) = preSolution
		Debug|x64 = Debug|x64
		Release|x64 = Release|x64
	EndGlobalSection
	GlobalSection(ProjectConfigurationPlatforms) = postSolution
		{F1AA237A-17B1-4903-A313-5B76B328C3D4}.Debug|x64.ActiveCfg = Debug|x64
		{F1AA237A-17B1-4903-A313-5B76B328C3D4}.Debug|x64.Build.0 = Debug|x64
		{F1AA237A-17B1-4903-A313-5B76B328C3D4}.Release|x64.ActiveCfg = Debug|x64
		{F1AA237A-17B1-4903-A313-5B76B328C3D4}.Release|x64.Build.0 = Debug|x64
		{DC23BFC1-F366-4B27-8916-D0664DA39EC4}.Debug|x64.ActiveCfg = Debug|x64
		{DC23BFC1-F366-4B27-8916-D0664DA39EC4}.Debug|x64.Build.0 = Debug|x64
		{DC23BFC1-F366-4B27-8916-D0664DA39EC4}.Release|x64.ActiveCfg = Debug|x64
		{DC23BFC1-F366-4B27-8916-D0664DA39EC4}.Release|x64.Build.0 = Debug|x64
		{24A4A82B-F96E-4453-97B9-5C6C324AD145}.Debug|x64.ActiveCfg = Debug|x64
		{24A4A82B-F96E-4453-97B9-5C6C324AD145}.Debug|x64.Build.0 = Debug|x64
		{24A4A82B-F96E-4453-97B9-5C6C324AD145}.Release|x64.ActiveCfg = Debug|x64
		{24A4A82B-F96E-4453-97B9-5C6C324AD145}.Release|x64.Build.0 = Debug|x64
	EndGlobalSection
	GlobalSection(SolutionProperties) = preSolution
		HideSolutionNode = FALSE
	EndGlobalSection
	GlobalSection(ExtensibilityGlobals) = postSolution
		SolutionGuid = {D02175ED-A3E1-482E-8424-3498D66E9F6F}
	EndGlobalSection
EndGlobal
