
Microsoft Visual Studio Solution File, Format Version 12.00
# Visual Studio Version 16
VisualStudioVersion = 16.0.29418.71
MinimumVisualStudioVersion = 10.0.40219.1
Project("{FAE04EC0-301F-11D3-BF4B-00C04F79EFBC}") = "DoseParameters", "DoseParameters.csproj", "{4142C6F6-4A9F-41FB-BA93-2DA00F946059}"
EndProject
Global
	GlobalSection(SolutionConfigurationPlatforms) = preSolution
		Debug|x64 = Debug|x64
		Release|x64 = Release|x64
	EndGlobalSection
	GlobalSection(ProjectConfigurationPlatforms) = postSolution
		{4142C6F6-4A9F-41FB-BA93-2DA00F946059}.Debug|x64.ActiveCfg = Debug|x64
		{4142C6F6-4A9F-41FB-BA93-2DA00F946059}.Debug|x64.Build.0 = Debug|x64
		{4142C6F6-4A9F-41FB-BA93-2DA00F946059}.Release|x64.ActiveCfg = Release|x64
		{4142C6F6-4A9F-41FB-BA93-2DA00F946059}.Release|x64.Build.0 = Release|x64
	EndGlobalSection
	GlobalSection(SolutionProperties) = preSolution
		HideSolutionNode = FALSE
	EndGlobalSection
	GlobalSection(ExtensibilityGlobals) = postSolution
		SolutionGuid = {E618D179-5479-4BDC-A757-3F3575CBA3A4}
	EndGlobalSection
EndGlobal
