
Microsoft Visual Studio Solution File, Format Version 12.00
# Visual Studio 14
VisualStudioVersion = 14.0.25420.1
MinimumVisualStudioVersion = 10.0.40219.1
Project("{FAE04EC0-301F-11D3-BF4B-00C04F79EFBC}") = "Example_DVH", "Example_DVH.csproj", "{F89FC5F8-078D-4A2A-91A1-CCB4785F8BC3}"
EndProject
Project("{FAE04EC0-301F-11D3-BF4B-00C04F79EFBC}") = "Example_DVH.Runner", "..\Example_DVH.Runner\Example_DVH.Runner.csproj", "{7917565E-6DE1-4A6C-8250-9F92E6E63092}"
EndProject
Global
	GlobalSection(SolutionConfigurationPlatforms) = preSolution
		Debug|Any CPU = Debug|Any CPU
		Debug|x64 = Debug|x64
		Release|Any CPU = Release|Any CPU
		Release|x64 = Release|x64
	EndGlobalSection
	GlobalSection(ProjectConfigurationPlatforms) = postSolution
		{F89FC5F8-078D-4A2A-91A1-CCB4785F8BC3}.Debug|Any CPU.ActiveCfg = Debug|x64
		{F89FC5F8-078D-4A2A-91A1-CCB4785F8BC3}.Debug|x64.ActiveCfg = Debug|x64
		{F89FC5F8-078D-4A2A-91A1-CCB4785F8BC3}.Debug|x64.Build.0 = Debug|x64
		{F89FC5F8-078D-4A2A-91A1-CCB4785F8BC3}.Release|Any CPU.ActiveCfg = Release|x64
		{F89FC5F8-078D-4A2A-91A1-CCB4785F8BC3}.Release|x64.ActiveCfg = Release|x64
		{F89FC5F8-078D-4A2A-91A1-CCB4785F8BC3}.Release|x64.Build.0 = Release|x64
		{7917565E-6DE1-4A6C-8250-9F92E6E63092}.Debug|Any CPU.ActiveCfg = Debug|Any CPU
		{7917565E-6DE1-4A6C-8250-9F92E6E63092}.Debug|Any CPU.Build.0 = Debug|Any CPU
		{7917565E-6DE1-4A6C-8250-9F92E6E63092}.Debug|x64.ActiveCfg = Debug|Any CPU
		{7917565E-6DE1-4A6C-8250-9F92E6E63092}.Debug|x64.Build.0 = Debug|Any CPU
		{7917565E-6DE1-4A6C-8250-9F92E6E63092}.Release|Any CPU.ActiveCfg = Release|Any CPU
		{7917565E-6DE1-4A6C-8250-9F92E6E63092}.Release|Any CPU.Build.0 = Release|Any CPU
		{7917565E-6DE1-4A6C-8250-9F92E6E63092}.Release|x64.ActiveCfg = Release|Any CPU
		{7917565E-6DE1-4A6C-8250-9F92E6E63092}.Release|x64.Build.0 = Release|Any CPU
	EndGlobalSection
	GlobalSection(SolutionProperties) = preSolution
		HideSolutionNode = FALSE
	EndGlobalSection
EndGlobal
