
Microsoft Visual Studio Solution File, Format Version 12.00
# Visual Studio Version 16
VisualStudioVersion = 16.0.31105.61
MinimumVisualStudioVersion = 10.0.40219.1
Project("{FAE04EC0-301F-11D3-BF4B-00C04F79EFBC}") = "BeamDataVisualization", "BeamDataVisualization\BeamDataVisualization.csproj", "{C2105A66-4F20-4F00-B2A5-2391E9EFDF45}"
EndProject
Global
	GlobalSection(SolutionConfigurationPlatforms) = preSolution
		Debug|Any CPU = Debug|Any CPU
		Release|Any CPU = Release|Any CPU
	EndGlobalSection
	GlobalSection(ProjectConfigurationPlatforms) = postSolution
		{C2105A66-4F20-4F00-B2A5-2391E9EFDF45}.Debug|Any CPU.ActiveCfg = Debug|Any CPU
		{C2105A66-4F20-4F00-B2A5-2391E9EFDF45}.Debug|Any CPU.Build.0 = Debug|Any CPU
		{C2105A66-4F20-4F00-B2A5-2391E9EFDF45}.Release|Any CPU.ActiveCfg = Release|Any CPU
		{C2105A66-4F20-4F00-B2A5-2391E9EFDF45}.Release|Any CPU.Build.0 = Release|Any CPU
	EndGlobalSection
	GlobalSection(SolutionProperties) = preSolution
		HideSolutionNode = FALSE
	EndGlobalSection
	GlobalSection(ExtensibilityGlobals) = postSolution
		SolutionGuid = {84FEDB99-8403-48BC-9F10-C6359973642F}
	EndGlobalSection
EndGlobal
