
Microsoft Visual Studio Solution File, Format Version 12.00
# Visual Studio 2013
VisualStudioVersion = 12.0.31101.0
MinimumVisualStudioVersion = 10.0.40219.1
Project("{FAE04EC0-301F-11D3-BF4B-00C04F79EFBC}") = "Uab.VMS.Console", "Uab.VMS.Console\Uab.VMS.Console.csproj", "{617FDB8A-C962-4812-80E1-4AC24C434E11}"
EndProject
Project("{FAE04EC0-301F-11D3-BF4B-00C04F79EFBC}") = "Cardan.CodeCompletion", "Cardan.CodeCompletion\Cardan.CodeCompletion.csproj", "{2D78263B-02FA-41B4-A174-D04C1292AF19}"
EndProject
Global
	GlobalSection(SolutionConfigurationPlatforms) = preSolution
		Debug|Any CPU = Debug|Any CPU
		Release|Any CPU = Release|Any CPU
	EndGlobalSection
	GlobalSection(ProjectConfigurationPlatforms) = postSolution
		{617FDB8A-C962-4812-80E1-4AC24C434E11}.Debug|Any CPU.ActiveCfg = Debug|Any CPU
		{617FDB8A-C962-4812-80E1-4AC24C434E11}.Debug|Any CPU.Build.0 = Debug|Any CPU
		{617FDB8A-C962-4812-80E1-4AC24C434E11}.Release|Any CPU.ActiveCfg = Release|Any CPU
		{617FDB8A-C962-4812-80E1-4AC24C434E11}.Release|Any CPU.Build.0 = Release|Any CPU
		{2D78263B-02FA-41B4-A174-D04C1292AF19}.Debug|Any CPU.ActiveCfg = Debug|Any CPU
		{2D78263B-02FA-41B4-A174-D04C1292AF19}.Debug|Any CPU.Build.0 = Debug|Any CPU
		{2D78263B-02FA-41B4-A174-D04C1292AF19}.Release|Any CPU.ActiveCfg = Release|Any CPU
		{2D78263B-02FA-41B4-A174-D04C1292AF19}.Release|Any CPU.Build.0 = Release|Any CPU
	EndGlobalSection
	GlobalSection(SolutionProperties) = preSolution
		HideSolutionNode = FALSE
	EndGlobalSection
EndGlobal
