
Microsoft Visual Studio Solution File, Format Version 12.00
# Visual Studio 2013
VisualStudioVersion = 12.0.40629.0
MinimumVisualStudioVersion = 10.0.40219.1
Project("{FAE04EC0-301F-11D3-BF4B-00C04F79EFBC}") = "MSExcelFormBinary", "MSExcelFormBinary.csproj", "{D905C463-48FD-4B52-971F-45B3C008D5F0}"
EndProject
Global
	GlobalSection(SolutionConfigurationPlatforms) = preSolution
		Debug|x64 = Debug|x64
		Release|x64 = Release|x64
	EndGlobalSection
	GlobalSection(ProjectConfigurationPlatforms) = postSolution
		{D905C463-48FD-4B52-971F-45B3C008D5F0}.Debug|x64.ActiveCfg = Debug|x64
		{D905C463-48FD-4B52-971F-45B3C008D5F0}.Debug|x64.Build.0 = Debug|x64
		{D905C463-48FD-4B52-971F-45B3C008D5F0}.Release|x64.ActiveCfg = Release|x64
		{D905C463-48FD-4B52-971F-45B3C008D5F0}.Release|x64.Build.0 = Release|x64
	EndGlobalSection
	GlobalSection(SolutionProperties) = preSolution
		HideSolutionNode = FALSE
	EndGlobalSection
EndGlobal
