
Microsoft Visual Studio Solution File, Format Version 11.00
# Visual Studio 2010
Project("{FAE04EC0-301F-11D3-BF4B-00C04F79EFBC}") = "PluginTester", "Projects\PluginTester\PluginTester.csproj", "{86038C42-12CE-468E-B43D-9AD3F9508CAE}"
EndProject
Project("{FAE04EC0-301F-11D3-BF4B-00C04F79EFBC}") = "Rapid Plan Evaluation", "Projects\Rapid Plan Evaluation\Rapid Plan Evaluation.csproj", "{6D1FD0C7-EC48-410B-9525-E59C600129BB}"
EndProject
Project("{FAE04EC0-301F-11D3-BF4B-00C04F79EFBC}") = "Rapid Plan Evaluation Standalone", "Rapid Plan Evaluation Standalone\Rapid Plan Evaluation Standalone.csproj", "{B5FEC8F5-4229-461A-BD37-0D106741AC42}"
EndProject
Global
	GlobalSection(TeamFoundationVersionControl) = preSolution
		SccNumberOfProjects = 4
		SccEnterpriseProvider = {4CA58AB2-18FA-4F8D-95D4-32DDF27D184C}
		SccTeamFoundationServer = https://tfs.codeplex.com/tfs/tfs19
		SccLocalPath0 = .
		SccProjectUniqueName1 = Projects\\PluginTester\\PluginTester.csproj
		SccProjectName1 = Projects/PluginTester
		SccLocalPath1 = Projects\\PluginTester
		SccProjectUniqueName2 = Projects\\Rapid\u0020Plan\u0020Evaluation\\Rapid\u0020Plan\u0020Evaluation.csproj
		SccProjectName2 = Projects/Rapid\u0020Plan\u0020Evaluation
		SccLocalPath2 = Projects\\Rapid\u0020Plan\u0020Evaluation
		SccProjectUniqueName3 = Rapid\u0020Plan\u0020Evaluation\u0020Standalone\\Rapid\u0020Plan\u0020Evaluation\u0020Standalone.csproj
		SccProjectName3 = Rapid\u0020Plan\u0020Evaluation\u0020Standalone
		SccLocalPath3 = Rapid\u0020Plan\u0020Evaluation\u0020Standalone
	EndGlobalSection
	GlobalSection(SolutionConfigurationPlatforms) = preSolution
		Debug|Any CPU = Debug|Any CPU
		Debug|Mixed Platforms = Debug|Mixed Platforms
		Debug|x86 = Debug|x86
		Release|Any CPU = Release|Any CPU
		Release|Mixed Platforms = Release|Mixed Platforms
		Release|x86 = Release|x86
	EndGlobalSection
	GlobalSection(ProjectConfigurationPlatforms) = postSolution
		{86038C42-12CE-468E-B43D-9AD3F9508CAE}.Debug|Any CPU.ActiveCfg = Debug|Any CPU
		{86038C42-12CE-468E-B43D-9AD3F9508CAE}.Debug|Any CPU.Build.0 = Debug|Any CPU
		{86038C42-12CE-468E-B43D-9AD3F9508CAE}.Debug|Mixed Platforms.ActiveCfg = Debug|Any CPU
		{86038C42-12CE-468E-B43D-9AD3F9508CAE}.Debug|Mixed Platforms.Build.0 = Debug|Any CPU
		{86038C42-12CE-468E-B43D-9AD3F9508CAE}.Debug|x86.ActiveCfg = Debug|Any CPU
		{86038C42-12CE-468E-B43D-9AD3F9508CAE}.Release|Any CPU.ActiveCfg = Release|Any CPU
		{86038C42-12CE-468E-B43D-9AD3F9508CAE}.Release|Any CPU.Build.0 = Release|Any CPU
		{86038C42-12CE-468E-B43D-9AD3F9508CAE}.Release|Mixed Platforms.ActiveCfg = Release|Any CPU
		{86038C42-12CE-468E-B43D-9AD3F9508CAE}.Release|Mixed Platforms.Build.0 = Release|Any CPU
		{86038C42-12CE-468E-B43D-9AD3F9508CAE}.Release|x86.ActiveCfg = Release|Any CPU
		{6D1FD0C7-EC48-410B-9525-E59C600129BB}.Debug|Any CPU.ActiveCfg = Debug|x86
		{6D1FD0C7-EC48-410B-9525-E59C600129BB}.Debug|Mixed Platforms.ActiveCfg = Debug|x86
		{6D1FD0C7-EC48-410B-9525-E59C600129BB}.Debug|Mixed Platforms.Build.0 = Debug|x86
		{6D1FD0C7-EC48-410B-9525-E59C600129BB}.Debug|x86.ActiveCfg = Debug|x86
		{6D1FD0C7-EC48-410B-9525-E59C600129BB}.Debug|x86.Build.0 = Debug|x86
		{6D1FD0C7-EC48-410B-9525-E59C600129BB}.Release|Any CPU.ActiveCfg = Release|x86
		{6D1FD0C7-EC48-410B-9525-E59C600129BB}.Release|Mixed Platforms.ActiveCfg = Release|x86
		{6D1FD0C7-EC48-410B-9525-E59C600129BB}.Release|Mixed Platforms.Build.0 = Release|x86
		{6D1FD0C7-EC48-410B-9525-E59C600129BB}.Release|x86.ActiveCfg = Release|x86
		{6D1FD0C7-EC48-410B-9525-E59C600129BB}.Release|x86.Build.0 = Release|x86
		{B5FEC8F5-4229-461A-BD37-0D106741AC42}.Debug|Any CPU.ActiveCfg = Debug|x86
		{B5FEC8F5-4229-461A-BD37-0D106741AC42}.Debug|Mixed Platforms.ActiveCfg = Debug|x86
		{B5FEC8F5-4229-461A-BD37-0D106741AC42}.Debug|Mixed Platforms.Build.0 = Debug|x86
		{B5FEC8F5-4229-461A-BD37-0D106741AC42}.Debug|x86.ActiveCfg = Debug|x86
		{B5FEC8F5-4229-461A-BD37-0D106741AC42}.Debug|x86.Build.0 = Debug|x86
		{B5FEC8F5-4229-461A-BD37-0D106741AC42}.Release|Any CPU.ActiveCfg = Release|x86
		{B5FEC8F5-4229-461A-BD37-0D106741AC42}.Release|Mixed Platforms.ActiveCfg = Release|x86
		{B5FEC8F5-4229-461A-BD37-0D106741AC42}.Release|Mixed Platforms.Build.0 = Release|x86
		{B5FEC8F5-4229-461A-BD37-0D106741AC42}.Release|x86.ActiveCfg = Release|x86
		{B5FEC8F5-4229-461A-BD37-0D106741AC42}.Release|x86.Build.0 = Release|x86
	EndGlobalSection
	GlobalSection(SolutionProperties) = preSolution
		HideSolutionNode = FALSE
	EndGlobalSection
EndGlobal
