
Microsoft Visual Studio Solution File, Format Version 12.00
# Visual Studio 15
VisualStudioVersion = 15.0.28010.2050
MinimumVisualStudioVersion = 10.0.40219.1
Project("{FAE04EC0-301F-11D3-BF4B-00C04F79EFBC}") = "DiggingIntoDVH", "DiggingIntoDVH\DiggingIntoDVH.csproj", "{13B0B72A-A905-415F-91E6-E66AD0E73476}"
EndProject
Global
	GlobalSection(SolutionConfigurationPlatforms) = preSolution
		11.0-DEBUG|Any CPU = 11.0-DEBUG|Any CPU
		11.0-DEBUG|x64 = 11.0-DEBUG|x64
		11.0-RELEASE|Any CPU = 11.0-RELEASE|Any CPU
		11.0-RELEASE|x64 = 11.0-RELEASE|x64
		13.6-DEBUG|Any CPU = 13.6-DEBUG|Any CPU
		13.6-DEBUG|x64 = 13.6-DEBUG|x64
		13.6-RELEASE|Any CPU = 13.6-RELEASE|Any CPU
		13.6-RELEASE|x64 = 13.6-RELEASE|x64
		13.7-DEBUG|Any CPU = 13.7-DEBUG|Any CPU
		13.7-DEBUG|x64 = 13.7-DEBUG|x64
		13.7-RELEASE|Any CPU = 13.7-RELEASE|Any CPU
		13.7-RELEASE|x64 = 13.7-RELEASE|x64
		15.0-DEBUG|Any CPU = 15.0-DEBUG|Any CPU
		15.0-DEBUG|x64 = 15.0-DEBUG|x64
		15.0-RELEASE|Any CPU = 15.0-RELEASE|Any CPU
		15.0-RELEASE|x64 = 15.0-RELEASE|x64
		15.1-DEBUG|Any CPU = 15.1-DEBUG|Any CPU
		15.1-DEBUG|x64 = 15.1-DEBUG|x64
		15.1-RELEASE|Any CPU = 15.1-RELEASE|Any CPU
		15.1-RELEASE|x64 = 15.1-RELEASE|x64
		15.5-DEBUG|Any CPU = 15.5-DEBUG|Any CPU
		15.5-DEBUG|x64 = 15.5-DEBUG|x64
		15.5-RELEASE|Any CPU = 15.5-RELEASE|Any CPU
		15.5-RELEASE|x64 = 15.5-RELEASE|x64
		Debug|Any CPU = Debug|Any CPU
		Debug|x64 = Debug|x64
		Release|Any CPU = Release|Any CPU
		Release|x64 = Release|x64
	EndGlobalSection
	GlobalSection(ProjectConfigurationPlatforms) = postSolution
		{13B0B72A-A905-415F-91E6-E66AD0E73476}.11.0-DEBUG|Any CPU.ActiveCfg = Release|Any CPU
		{13B0B72A-A905-415F-91E6-E66AD0E73476}.11.0-DEBUG|Any CPU.Build.0 = Release|Any CPU
		{13B0B72A-A905-415F-91E6-E66AD0E73476}.11.0-DEBUG|x64.ActiveCfg = Release|x64
		{13B0B72A-A905-415F-91E6-E66AD0E73476}.11.0-DEBUG|x64.Build.0 = Release|x64
		{13B0B72A-A905-415F-91E6-E66AD0E73476}.11.0-RELEASE|Any CPU.ActiveCfg = Release|Any CPU
		{13B0B72A-A905-415F-91E6-E66AD0E73476}.11.0-RELEASE|Any CPU.Build.0 = Release|Any CPU
		{13B0B72A-A905-415F-91E6-E66AD0E73476}.11.0-RELEASE|x64.ActiveCfg = Release|x64
		{13B0B72A-A905-415F-91E6-E66AD0E73476}.11.0-RELEASE|x64.Build.0 = Release|x64
		{13B0B72A-A905-415F-91E6-E66AD0E73476}.13.6-DEBUG|Any CPU.ActiveCfg = Release|Any CPU
		{13B0B72A-A905-415F-91E6-E66AD0E73476}.13.6-DEBUG|Any CPU.Build.0 = Release|Any CPU
		{13B0B72A-A905-415F-91E6-E66AD0E73476}.13.6-DEBUG|x64.ActiveCfg = Release|x64
		{13B0B72A-A905-415F-91E6-E66AD0E73476}.13.6-DEBUG|x64.Build.0 = Release|x64
		{13B0B72A-A905-415F-91E6-E66AD0E73476}.13.6-RELEASE|Any CPU.ActiveCfg = Release|Any CPU
		{13B0B72A-A905-415F-91E6-E66AD0E73476}.13.6-RELEASE|Any CPU.Build.0 = Release|Any CPU
		{13B0B72A-A905-415F-91E6-E66AD0E73476}.13.6-RELEASE|x64.ActiveCfg = Release|x64
		{13B0B72A-A905-415F-91E6-E66AD0E73476}.13.6-RELEASE|x64.Build.0 = Release|x64
		{13B0B72A-A905-415F-91E6-E66AD0E73476}.13.7-DEBUG|Any CPU.ActiveCfg = Release|Any CPU
		{13B0B72A-A905-415F-91E6-E66AD0E73476}.13.7-DEBUG|Any CPU.Build.0 = Release|Any CPU
		{13B0B72A-A905-415F-91E6-E66AD0E73476}.13.7-DEBUG|x64.ActiveCfg = Release|x64
		{13B0B72A-A905-415F-91E6-E66AD0E73476}.13.7-DEBUG|x64.Build.0 = Release|x64
		{13B0B72A-A905-415F-91E6-E66AD0E73476}.13.7-RELEASE|Any CPU.ActiveCfg = Release|Any CPU
		{13B0B72A-A905-415F-91E6-E66AD0E73476}.13.7-RELEASE|Any CPU.Build.0 = Release|Any CPU
		{13B0B72A-A905-415F-91E6-E66AD0E73476}.13.7-RELEASE|x64.ActiveCfg = Release|x64
		{13B0B72A-A905-415F-91E6-E66AD0E73476}.13.7-RELEASE|x64.Build.0 = Release|x64
		{13B0B72A-A905-415F-91E6-E66AD0E73476}.15.0-DEBUG|Any CPU.ActiveCfg = Release|Any CPU
		{13B0B72A-A905-415F-91E6-E66AD0E73476}.15.0-DEBUG|Any CPU.Build.0 = Release|Any CPU
		{13B0B72A-A905-415F-91E6-E66AD0E73476}.15.0-DEBUG|x64.ActiveCfg = Release|x64
		{13B0B72A-A905-415F-91E6-E66AD0E73476}.15.0-DEBUG|x64.Build.0 = Release|x64
		{13B0B72A-A905-415F-91E6-E66AD0E73476}.15.0-RELEASE|Any CPU.ActiveCfg = Release|Any CPU
		{13B0B72A-A905-415F-91E6-E66AD0E73476}.15.0-RELEASE|Any CPU.Build.0 = Release|Any CPU
		{13B0B72A-A905-415F-91E6-E66AD0E73476}.15.0-RELEASE|x64.ActiveCfg = Release|x64
		{13B0B72A-A905-415F-91E6-E66AD0E73476}.15.0-RELEASE|x64.Build.0 = Release|x64
		{13B0B72A-A905-415F-91E6-E66AD0E73476}.15.1-DEBUG|Any CPU.ActiveCfg = Release|Any CPU
		{13B0B72A-A905-415F-91E6-E66AD0E73476}.15.1-DEBUG|Any CPU.Build.0 = Release|Any CPU
		{13B0B72A-A905-415F-91E6-E66AD0E73476}.15.1-DEBUG|x64.ActiveCfg = Release|x64
		{13B0B72A-A905-415F-91E6-E66AD0E73476}.15.1-DEBUG|x64.Build.0 = Release|x64
		{13B0B72A-A905-415F-91E6-E66AD0E73476}.15.1-RELEASE|Any CPU.ActiveCfg = Release|Any CPU
		{13B0B72A-A905-415F-91E6-E66AD0E73476}.15.1-RELEASE|Any CPU.Build.0 = Release|Any CPU
		{13B0B72A-A905-415F-91E6-E66AD0E73476}.15.1-RELEASE|x64.ActiveCfg = Release|x64
		{13B0B72A-A905-415F-91E6-E66AD0E73476}.15.1-RELEASE|x64.Build.0 = Release|x64
		{13B0B72A-A905-415F-91E6-E66AD0E73476}.15.5-DEBUG|Any CPU.ActiveCfg = Release|Any CPU
		{13B0B72A-A905-415F-91E6-E66AD0E73476}.15.5-DEBUG|Any CPU.Build.0 = Release|Any CPU
		{13B0B72A-A905-415F-91E6-E66AD0E73476}.15.5-DEBUG|x64.ActiveCfg = Debug|x64
		{13B0B72A-A905-415F-91E6-E66AD0E73476}.15.5-DEBUG|x64.Build.0 = Debug|x64
		{13B0B72A-A905-415F-91E6-E66AD0E73476}.15.5-RELEASE|Any CPU.ActiveCfg = Release|Any CPU
		{13B0B72A-A905-415F-91E6-E66AD0E73476}.15.5-RELEASE|Any CPU.Build.0 = Release|Any CPU
		{13B0B72A-A905-415F-91E6-E66AD0E73476}.15.5-RELEASE|x64.ActiveCfg = Release|x64
		{13B0B72A-A905-415F-91E6-E66AD0E73476}.15.5-RELEASE|x64.Build.0 = Release|x64
		{13B0B72A-A905-415F-91E6-E66AD0E73476}.Debug|Any CPU.ActiveCfg = Debug|Any CPU
		{13B0B72A-A905-415F-91E6-E66AD0E73476}.Debug|Any CPU.Build.0 = Debug|Any CPU
		{13B0B72A-A905-415F-91E6-E66AD0E73476}.Debug|x64.ActiveCfg = Debug|x64
		{13B0B72A-A905-415F-91E6-E66AD0E73476}.Debug|x64.Build.0 = Debug|x64
		{13B0B72A-A905-415F-91E6-E66AD0E73476}.Release|Any CPU.ActiveCfg = Release|Any CPU
		{13B0B72A-A905-415F-91E6-E66AD0E73476}.Release|Any CPU.Build.0 = Release|Any CPU
		{13B0B72A-A905-415F-91E6-E66AD0E73476}.Release|x64.ActiveCfg = Release|x64
		{13B0B72A-A905-415F-91E6-E66AD0E73476}.Release|x64.Build.0 = Release|x64
	EndGlobalSection
	GlobalSection(SolutionProperties) = preSolution
		HideSolutionNode = FALSE
	EndGlobalSection
	GlobalSection(ExtensibilityGlobals) = postSolution
		SolutionGuid = {B3D048D4-0756-4390-B080-C9E22628D9A4}
	EndGlobalSection
EndGlobal
