
Microsoft Visual Studio Solution File, Format Version 12.00
# Visual Studio 2012
Project("{FAE04EC0-301F-11D3-BF4B-00C04F79EFBC}") = "DVHExport", "DVHExport.csproj", "{1D0E9656-29B1-400F-BB53-FD3D56DAF450}"
EndProject
Global
	GlobalSection(SolutionConfigurationPlatforms) = preSolution
		Debug|Any CPU = Debug|Any CPU
		Release|Any CPU = Release|Any CPU
	EndGlobalSection
	GlobalSection(ProjectConfigurationPlatforms) = postSolution
		{1D0E9656-29B1-400F-BB53-FD3D56DAF450}.Debug|Any CPU.ActiveCfg = Debug|Any CPU
		{1D0E9656-29B1-400F-BB53-FD3D56DAF450}.Debug|Any CPU.Build.0 = Debug|Any CPU
		{1D0E9656-29B1-400F-BB53-FD3D56DAF450}.Release|Any CPU.ActiveCfg = Release|Any CPU
		{1D0E9656-29B1-400F-BB53-FD3D56DAF450}.Release|Any CPU.Build.0 = Release|Any CPU
	EndGlobalSection
	GlobalSection(SolutionProperties) = preSolution
		HideSolutionNode = FALSE
	EndGlobalSection
EndGlobal
