
Microsoft Visual Studio Solution File, Format Version 12.00
# Visual Studio 2013
VisualStudioVersion = 12.0.40629.0
MinimumVisualStudioVersion = 10.0.40219.1
Project("{FAE04EC0-301F-11D3-BF4B-00C04F79EFBC}") = "Intermediate_10", "Intermediate_10.csproj", "{CD0AC373-16C0-4204-97EC-26AEEAB879E3}"
EndProject
Global
	GlobalSection(SolutionConfigurationPlatforms) = preSolution
		Debug|x64 = Debug|x64
		Release|x64 = Release|x64
	EndGlobalSection
	GlobalSection(ProjectConfigurationPlatforms) = postSolution
		{CD0AC373-16C0-4204-97EC-26AEEAB879E3}.Debug|x64.ActiveCfg = Debug|x64
		{CD0AC373-16C0-4204-97EC-26AEEAB879E3}.Debug|x64.Build.0 = Debug|x64
		{CD0AC373-16C0-4204-97EC-26AEEAB879E3}.Release|x64.ActiveCfg = Release|x64
		{CD0AC373-16C0-4204-97EC-26AEEAB879E3}.Release|x64.Build.0 = Release|x64
	EndGlobalSection
	GlobalSection(SolutionProperties) = preSolution
		HideSolutionNode = FALSE
	EndGlobalSection
EndGlobal
