
Microsoft Visual Studio Solution File, Format Version 12.00
# Visual Studio 15
VisualStudioVersion = 15.0.27703.2000
MinimumVisualStudioVersion = 10.0.40219.1
Project("{FAE04EC0-301F-11D3-BF4B-00C04F79EFBC}") = "ESAPIX_Demos", "ESAPIX_Demos\ESAPIX_Demos.csproj", "{9557800D-2794-4032-A2A0-36E43E20F93B}"
EndProject
Project("{FAE04EC0-301F-11D3-BF4B-00C04F79EFBC}") = "ESAPIX WPF", "ESAPIX WPF\ESAPIX WPF.csproj", "{D42F4CCA-3AED-457F-95EC-9A806AE8E123}"
EndProject
Global
	GlobalSection(SolutionConfigurationPlatforms) = preSolution
		11.0-DEBUG|Any CPU = 11.0-DEBUG|Any CPU
		11.0-DEBUG|x64 = 11.0-DEBUG|x64
		11.0-RELEASE|Any CPU = 11.0-RELEASE|Any CPU
		11.0-RELEASE|x64 = 11.0-RELEASE|x64
		13.6-DEBUG|Any CPU = 13.6-DEBUG|Any CPU
		13.6-DEBUG|x64 = 13.6-DEBUG|x64
		13.6-RELEASE|Any CPU = 13.6-RELEASE|Any CPU
		13.6-RELEASE|x64 = 13.6-RELEASE|x64
		13.7-DEBUG|Any CPU = 13.7-DEBUG|Any CPU
		13.7-DEBUG|x64 = 13.7-DEBUG|x64
		13.7-RELEASE|Any CPU = 13.7-RELEASE|Any CPU
		13.7-RELEASE|x64 = 13.7-RELEASE|x64
		15.0-DEBUG|Any CPU = 15.0-DEBUG|Any CPU
		15.0-DEBUG|x64 = 15.0-DEBUG|x64
		15.0-RELEASE|Any CPU = 15.0-RELEASE|Any CPU
		15.0-RELEASE|x64 = 15.0-RELEASE|x64
		15.1-DEBUG|Any CPU = 15.1-DEBUG|Any CPU
		15.1-DEBUG|x64 = 15.1-DEBUG|x64
		15.1-RELEASE|Any CPU = 15.1-RELEASE|Any CPU
		15.1-RELEASE|x64 = 15.1-RELEASE|x64
		15.5-DEBUG|Any CPU = 15.5-DEBUG|Any CPU
		15.5-DEBUG|x64 = 15.5-DEBUG|x64
		15.5-RELEASE|Any CPU = 15.5-RELEASE|Any CPU
		15.5-RELEASE|x64 = 15.5-RELEASE|x64
		Debug|Any CPU = Debug|Any CPU
		Debug|x64 = Debug|x64
		Release|Any CPU = Release|Any CPU
		Release|x64 = Release|x64
	EndGlobalSection
	GlobalSection(ProjectConfigurationPlatforms) = postSolution
		{9557800D-2794-4032-A2A0-36E43E20F93B}.11.0-DEBUG|Any CPU.ActiveCfg = Release|Any CPU
		{9557800D-2794-4032-A2A0-36E43E20F93B}.11.0-DEBUG|Any CPU.Build.0 = Release|Any CPU
		{9557800D-2794-4032-A2A0-36E43E20F93B}.11.0-DEBUG|x64.ActiveCfg = Release|x64
		{9557800D-2794-4032-A2A0-36E43E20F93B}.11.0-DEBUG|x64.Build.0 = Release|x64
		{9557800D-2794-4032-A2A0-36E43E20F93B}.11.0-RELEASE|Any CPU.ActiveCfg = Release|Any CPU
		{9557800D-2794-4032-A2A0-36E43E20F93B}.11.0-RELEASE|Any CPU.Build.0 = Release|Any CPU
		{9557800D-2794-4032-A2A0-36E43E20F93B}.11.0-RELEASE|x64.ActiveCfg = Release|x64
		{9557800D-2794-4032-A2A0-36E43E20F93B}.11.0-RELEASE|x64.Build.0 = Release|x64
		{9557800D-2794-4032-A2A0-36E43E20F93B}.13.6-DEBUG|Any CPU.ActiveCfg = Release|Any CPU
		{9557800D-2794-4032-A2A0-36E43E20F93B}.13.6-DEBUG|Any CPU.Build.0 = Release|Any CPU
		{9557800D-2794-4032-A2A0-36E43E20F93B}.13.6-DEBUG|x64.ActiveCfg = Release|x64
		{9557800D-2794-4032-A2A0-36E43E20F93B}.13.6-DEBUG|x64.Build.0 = Release|x64
		{9557800D-2794-4032-A2A0-36E43E20F93B}.13.6-RELEASE|Any CPU.ActiveCfg = Release|Any CPU
		{9557800D-2794-4032-A2A0-36E43E20F93B}.13.6-RELEASE|Any CPU.Build.0 = Release|Any CPU
		{9557800D-2794-4032-A2A0-36E43E20F93B}.13.6-RELEASE|x64.ActiveCfg = Release|x64
		{9557800D-2794-4032-A2A0-36E43E20F93B}.13.6-RELEASE|x64.Build.0 = Release|x64
		{9557800D-2794-4032-A2A0-36E43E20F93B}.13.7-DEBUG|Any CPU.ActiveCfg = Release|Any CPU
		{9557800D-2794-4032-A2A0-36E43E20F93B}.13.7-DEBUG|Any CPU.Build.0 = Release|Any CPU
		{9557800D-2794-4032-A2A0-36E43E20F93B}.13.7-DEBUG|x64.ActiveCfg = Release|x64
		{9557800D-2794-4032-A2A0-36E43E20F93B}.13.7-DEBUG|x64.Build.0 = Release|x64
		{9557800D-2794-4032-A2A0-36E43E20F93B}.13.7-RELEASE|Any CPU.ActiveCfg = Release|Any CPU
		{9557800D-2794-4032-A2A0-36E43E20F93B}.13.7-RELEASE|Any CPU.Build.0 = Release|Any CPU
		{9557800D-2794-4032-A2A0-36E43E20F93B}.13.7-RELEASE|x64.ActiveCfg = Release|x64
		{9557800D-2794-4032-A2A0-36E43E20F93B}.13.7-RELEASE|x64.Build.0 = Release|x64
		{9557800D-2794-4032-A2A0-36E43E20F93B}.15.0-DEBUG|Any CPU.ActiveCfg = Release|Any CPU
		{9557800D-2794-4032-A2A0-36E43E20F93B}.15.0-DEBUG|Any CPU.Build.0 = Release|Any CPU
		{9557800D-2794-4032-A2A0-36E43E20F93B}.15.0-DEBUG|x64.ActiveCfg = Release|x64
		{9557800D-2794-4032-A2A0-36E43E20F93B}.15.0-DEBUG|x64.Build.0 = Release|x64
		{9557800D-2794-4032-A2A0-36E43E20F93B}.15.0-RELEASE|Any CPU.ActiveCfg = Release|Any CPU
		{9557800D-2794-4032-A2A0-36E43E20F93B}.15.0-RELEASE|Any CPU.Build.0 = Release|Any CPU
		{9557800D-2794-4032-A2A0-36E43E20F93B}.15.0-RELEASE|x64.ActiveCfg = Release|x64
		{9557800D-2794-4032-A2A0-36E43E20F93B}.15.0-RELEASE|x64.Build.0 = Release|x64
		{9557800D-2794-4032-A2A0-36E43E20F93B}.15.1-DEBUG|Any CPU.ActiveCfg = Release|Any CPU
		{9557800D-2794-4032-A2A0-36E43E20F93B}.15.1-DEBUG|Any CPU.Build.0 = Release|Any CPU
		{9557800D-2794-4032-A2A0-36E43E20F93B}.15.1-DEBUG|x64.ActiveCfg = Release|x64
		{9557800D-2794-4032-A2A0-36E43E20F93B}.15.1-DEBUG|x64.Build.0 = Release|x64
		{9557800D-2794-4032-A2A0-36E43E20F93B}.15.1-RELEASE|Any CPU.ActiveCfg = Release|Any CPU
		{9557800D-2794-4032-A2A0-36E43E20F93B}.15.1-RELEASE|Any CPU.Build.0 = Release|Any CPU
		{9557800D-2794-4032-A2A0-36E43E20F93B}.15.1-RELEASE|x64.ActiveCfg = Release|x64
		{9557800D-2794-4032-A2A0-36E43E20F93B}.15.1-RELEASE|x64.Build.0 = Release|x64
		{9557800D-2794-4032-A2A0-36E43E20F93B}.15.5-DEBUG|Any CPU.ActiveCfg = Release|Any CPU
		{9557800D-2794-4032-A2A0-36E43E20F93B}.15.5-DEBUG|Any CPU.Build.0 = Release|Any CPU
		{9557800D-2794-4032-A2A0-36E43E20F93B}.15.5-DEBUG|x64.ActiveCfg = Debug|x64
		{9557800D-2794-4032-A2A0-36E43E20F93B}.15.5-DEBUG|x64.Build.0 = Debug|x64
		{9557800D-2794-4032-A2A0-36E43E20F93B}.15.5-RELEASE|Any CPU.ActiveCfg = Release|Any CPU
		{9557800D-2794-4032-A2A0-36E43E20F93B}.15.5-RELEASE|Any CPU.Build.0 = Release|Any CPU
		{9557800D-2794-4032-A2A0-36E43E20F93B}.15.5-RELEASE|x64.ActiveCfg = Release|x64
		{9557800D-2794-4032-A2A0-36E43E20F93B}.15.5-RELEASE|x64.Build.0 = Release|x64
		{9557800D-2794-4032-A2A0-36E43E20F93B}.Debug|Any CPU.ActiveCfg = Debug|x64
		{9557800D-2794-4032-A2A0-36E43E20F93B}.Debug|Any CPU.Build.0 = Debug|x64
		{9557800D-2794-4032-A2A0-36E43E20F93B}.Debug|x64.ActiveCfg = Debug|x64
		{9557800D-2794-4032-A2A0-36E43E20F93B}.Debug|x64.Build.0 = Debug|x64
		{9557800D-2794-4032-A2A0-36E43E20F93B}.Release|Any CPU.ActiveCfg = Release|Any CPU
		{9557800D-2794-4032-A2A0-36E43E20F93B}.Release|Any CPU.Build.0 = Release|Any CPU
		{9557800D-2794-4032-A2A0-36E43E20F93B}.Release|x64.ActiveCfg = Release|x64
		{9557800D-2794-4032-A2A0-36E43E20F93B}.Release|x64.Build.0 = Release|x64
		{D42F4CCA-3AED-457F-95EC-9A806AE8E123}.11.0-DEBUG|Any CPU.ActiveCfg = Release|Any CPU
		{D42F4CCA-3AED-457F-95EC-9A806AE8E123}.11.0-DEBUG|Any CPU.Build.0 = Release|Any CPU
		{D42F4CCA-3AED-457F-95EC-9A806AE8E123}.11.0-DEBUG|x64.ActiveCfg = Release|x64
		{D42F4CCA-3AED-457F-95EC-9A806AE8E123}.11.0-DEBUG|x64.Build.0 = Release|x64
		{D42F4CCA-3AED-457F-95EC-9A806AE8E123}.11.0-RELEASE|Any CPU.ActiveCfg = Release|Any CPU
		{D42F4CCA-3AED-457F-95EC-9A806AE8E123}.11.0-RELEASE|Any CPU.Build.0 = Release|Any CPU
		{D42F4CCA-3AED-457F-95EC-9A806AE8E123}.11.0-RELEASE|x64.ActiveCfg = Release|x64
		{D42F4CCA-3AED-457F-95EC-9A806AE8E123}.11.0-RELEASE|x64.Build.0 = Release|x64
		{D42F4CCA-3AED-457F-95EC-9A806AE8E123}.13.6-DEBUG|Any CPU.ActiveCfg = Release|Any CPU
		{D42F4CCA-3AED-457F-95EC-9A806AE8E123}.13.6-DEBUG|Any CPU.Build.0 = Release|Any CPU
		{D42F4CCA-3AED-457F-95EC-9A806AE8E123}.13.6-DEBUG|x64.ActiveCfg = Release|x64
		{D42F4CCA-3AED-457F-95EC-9A806AE8E123}.13.6-DEBUG|x64.Build.0 = Release|x64
		{D42F4CCA-3AED-457F-95EC-9A806AE8E123}.13.6-RELEASE|Any CPU.ActiveCfg = Release|Any CPU
		{D42F4CCA-3AED-457F-95EC-9A806AE8E123}.13.6-RELEASE|Any CPU.Build.0 = Release|Any CPU
		{D42F4CCA-3AED-457F-95EC-9A806AE8E123}.13.6-RELEASE|x64.ActiveCfg = Release|x64
		{D42F4CCA-3AED-457F-95EC-9A806AE8E123}.13.6-RELEASE|x64.Build.0 = Release|x64
		{D42F4CCA-3AED-457F-95EC-9A806AE8E123}.13.7-DEBUG|Any CPU.ActiveCfg = Release|Any CPU
		{D42F4CCA-3AED-457F-95EC-9A806AE8E123}.13.7-DEBUG|Any CPU.Build.0 = Release|Any CPU
		{D42F4CCA-3AED-457F-95EC-9A806AE8E123}.13.7-DEBUG|x64.ActiveCfg = Release|x64
		{D42F4CCA-3AED-457F-95EC-9A806AE8E123}.13.7-DEBUG|x64.Build.0 = Release|x64
		{D42F4CCA-3AED-457F-95EC-9A806AE8E123}.13.7-RELEASE|Any CPU.ActiveCfg = Release|Any CPU
		{D42F4CCA-3AED-457F-95EC-9A806AE8E123}.13.7-RELEASE|Any CPU.Build.0 = Release|Any CPU
		{D42F4CCA-3AED-457F-95EC-9A806AE8E123}.13.7-RELEASE|x64.ActiveCfg = Release|x64
		{D42F4CCA-3AED-457F-95EC-9A806AE8E123}.13.7-RELEASE|x64.Build.0 = Release|x64
		{D42F4CCA-3AED-457F-95EC-9A806AE8E123}.15.0-DEBUG|Any CPU.ActiveCfg = Release|Any CPU
		{D42F4CCA-3AED-457F-95EC-9A806AE8E123}.15.0-DEBUG|Any CPU.Build.0 = Release|Any CPU
		{D42F4CCA-3AED-457F-95EC-9A806AE8E123}.15.0-DEBUG|x64.ActiveCfg = Release|x64
		{D42F4CCA-3AED-457F-95EC-9A806AE8E123}.15.0-DEBUG|x64.Build.0 = Release|x64
		{D42F4CCA-3AED-457F-95EC-9A806AE8E123}.15.0-RELEASE|Any CPU.ActiveCfg = Release|Any CPU
		{D42F4CCA-3AED-457F-95EC-9A806AE8E123}.15.0-RELEASE|Any CPU.Build.0 = Release|Any CPU
		{D42F4CCA-3AED-457F-95EC-9A806AE8E123}.15.0-RELEASE|x64.ActiveCfg = Release|x64
		{D42F4CCA-3AED-457F-95EC-9A806AE8E123}.15.0-RELEASE|x64.Build.0 = Release|x64
		{D42F4CCA-3AED-457F-95EC-9A806AE8E123}.15.1-DEBUG|Any CPU.ActiveCfg = Release|Any CPU
		{D42F4CCA-3AED-457F-95EC-9A806AE8E123}.15.1-DEBUG|Any CPU.Build.0 = Release|Any CPU
		{D42F4CCA-3AED-457F-95EC-9A806AE8E123}.15.1-DEBUG|x64.ActiveCfg = Release|x64
		{D42F4CCA-3AED-457F-95EC-9A806AE8E123}.15.1-DEBUG|x64.Build.0 = Release|x64
		{D42F4CCA-3AED-457F-95EC-9A806AE8E123}.15.1-RELEASE|Any CPU.ActiveCfg = Release|Any CPU
		{D42F4CCA-3AED-457F-95EC-9A806AE8E123}.15.1-RELEASE|Any CPU.Build.0 = Release|Any CPU
		{D42F4CCA-3AED-457F-95EC-9A806AE8E123}.15.1-RELEASE|x64.ActiveCfg = Release|x64
		{D42F4CCA-3AED-457F-95EC-9A806AE8E123}.15.1-RELEASE|x64.Build.0 = Release|x64
		{D42F4CCA-3AED-457F-95EC-9A806AE8E123}.15.5-DEBUG|Any CPU.ActiveCfg = Release|Any CPU
		{D42F4CCA-3AED-457F-95EC-9A806AE8E123}.15.5-DEBUG|Any CPU.Build.0 = Release|Any CPU
		{D42F4CCA-3AED-457F-95EC-9A806AE8E123}.15.5-DEBUG|x64.ActiveCfg = Release|x64
		{D42F4CCA-3AED-457F-95EC-9A806AE8E123}.15.5-DEBUG|x64.Build.0 = Release|x64
		{D42F4CCA-3AED-457F-95EC-9A806AE8E123}.15.5-RELEASE|Any CPU.ActiveCfg = Release|Any CPU
		{D42F4CCA-3AED-457F-95EC-9A806AE8E123}.15.5-RELEASE|Any CPU.Build.0 = Release|Any CPU
		{D42F4CCA-3AED-457F-95EC-9A806AE8E123}.15.5-RELEASE|x64.ActiveCfg = Release|x64
		{D42F4CCA-3AED-457F-95EC-9A806AE8E123}.15.5-RELEASE|x64.Build.0 = Release|x64
		{D42F4CCA-3AED-457F-95EC-9A806AE8E123}.Debug|Any CPU.ActiveCfg = Debug|Any CPU
		{D42F4CCA-3AED-457F-95EC-9A806AE8E123}.Debug|Any CPU.Build.0 = Debug|Any CPU
		{D42F4CCA-3AED-457F-95EC-9A806AE8E123}.Debug|x64.ActiveCfg = Debug|x64
		{D42F4CCA-3AED-457F-95EC-9A806AE8E123}.Debug|x64.Build.0 = Debug|x64
		{D42F4CCA-3AED-457F-95EC-9A806AE8E123}.Release|Any CPU.ActiveCfg = Release|Any CPU
		{D42F4CCA-3AED-457F-95EC-9A806AE8E123}.Release|Any CPU.Build.0 = Release|Any CPU
		{D42F4CCA-3AED-457F-95EC-9A806AE8E123}.Release|x64.ActiveCfg = Release|x64
		{D42F4CCA-3AED-457F-95EC-9A806AE8E123}.Release|x64.Build.0 = Release|x64
	EndGlobalSection
	GlobalSection(SolutionProperties) = preSolution
		HideSolutionNode = FALSE
	EndGlobalSection
	GlobalSection(ExtensibilityGlobals) = postSolution
		SolutionGuid = {A3FDB469-AF37-44AD-940F-C80428F65F6B}
	EndGlobalSection
EndGlobal
