
Microsoft Visual Studio Solution File, Format Version 12.00
# Visual Studio 2010
Project("{FAE04EC0-301F-11D3-BF4B-00C04F79EFBC}") = "MVVM_Demo", "MVVM_Demo.csproj", "{88402836-7B46-41E6-B3EC-44D392022389}"
EndProject
Global
	GlobalSection(TeamFoundationVersionControl) = preSolution
		SccNumberOfProjects = 2
		SccEnterpriseProvider = {4CA58AB2-18FA-4F8D-95D4-32DDF27D184C}
		SccTeamFoundationServer = https://tfs.codeplex.com/tfs/tfs19
		SccLocalPath0 = .
		SccProjectUniqueName1 = MVVM_Demo.csproj
		SccLocalPath1 = .
	EndGlobalSection
	GlobalSection(SolutionConfigurationPlatforms) = preSolution
		Debug|Any CPU = Debug|Any CPU
		Release|Any CPU = Release|Any CPU
	EndGlobalSection
	GlobalSection(ProjectConfigurationPlatforms) = postSolution
		{88402836-7B46-41E6-B3EC-44D392022389}.Debug|Any CPU.ActiveCfg = Debug|Any CPU
		{88402836-7B46-41E6-B3EC-44D392022389}.Debug|Any CPU.Build.0 = Debug|Any CPU
		{88402836-7B46-41E6-B3EC-44D392022389}.Release|Any CPU.ActiveCfg = Release|Any CPU
		{88402836-7B46-41E6-B3EC-44D392022389}.Release|Any CPU.Build.0 = Release|Any CPU
	EndGlobalSection
	GlobalSection(SolutionProperties) = preSolution
		HideSolutionNode = FALSE
	EndGlobalSection
EndGlobal
