
Microsoft Visual Studio Solution File, Format Version 12.00
# Visual Studio 2013
VisualStudioVersion = 12.0.40629.0
MinimumVisualStudioVersion = 10.0.40219.1
Project("{FAE04EC0-301F-11D3-BF4B-00C04F79EFBC}") = "PlanQualityCheck", "PlanQualityCheck.csproj", "{7DB52472-350F-4E02-AD49-3A79A152D896}"
EndProject
Global
	GlobalSection(SolutionConfigurationPlatforms) = preSolution
		Debug|x64 = Debug|x64
		Release|x64 = Release|x64
	EndGlobalSection
	GlobalSection(ProjectConfigurationPlatforms) = postSolution
		{7DB52472-350F-4E02-AD49-3A79A152D896}.Debug|x64.ActiveCfg = Debug|x64
		{7DB52472-350F-4E02-AD49-3A79A152D896}.Debug|x64.Build.0 = Debug|x64
		{7DB52472-350F-4E02-AD49-3A79A152D896}.Release|x64.ActiveCfg = Release|x64
		{7DB52472-350F-4E02-AD49-3A79A152D896}.Release|x64.Build.0 = Release|x64
	EndGlobalSection
	GlobalSection(SolutionProperties) = preSolution
		HideSolutionNode = FALSE
	EndGlobalSection
EndGlobal
